
Microsoft Visual Studio Solution File, Format Version 12.00
# Visual Studio Version 17
VisualStudioVersion = 17.13.35919.96 d17.13
MinimumVisualStudioVersion = 10.0.40219.1
Project("{FAE04EC0-301F-11D3-BF4B-00C04F79EFBC}") = "Exercicios", "Exercicios\Exercicios.csproj", "{785D8BAF-D78E-44E2-999B-8E46B4350B0C}"
EndProject
Global
	GlobalSection(SolutionConfigurationPlatforms) = preSolution
		Debug|Any CPU = Debug|Any CPU
		Release|Any CPU = Release|Any CPU
	EndGlobalSection
	GlobalSection(ProjectConfigurationPlatforms) = postSolution
		{785D8BAF-D78E-44E2-999B-8E46B4350B0C}.Debug|Any CPU.ActiveCfg = Debug|Any CPU
		{785D8BAF-D78E-44E2-999B-8E46B4350B0C}.Debug|Any CPU.Build.0 = Debug|Any CPU
		{785D8BAF-D78E-44E2-999B-8E46B4350B0C}.Release|Any CPU.ActiveCfg = Release|Any CPU
		{785D8BAF-D78E-44E2-999B-8E46B4350B0C}.Release|Any CPU.Build.0 = Release|Any CPU
	EndGlobalSection
	GlobalSection(SolutionProperties) = preSolution
		HideSolutionNode = FALSE
	EndGlobalSection
	GlobalSection(ExtensibilityGlobals) = postSolution
		SolutionGuid = {F6A9C47B-902C-431B-8B0E-62E42DBE77C6}
	EndGlobalSection
EndGlobal
